
Microsoft Visual Studio Solution File, Format Version 12.00
Project("{FAE04EC0-301F-11D3-BF4B-00C04F79EFBC}") = "API", "src\API\API.csproj", "{C5FE8422-8A21-4567-9209-6D4B7A07EB51}"
EndProject
Project("{FAE04EC0-301F-11D3-BF4B-00C04F79EFBC}") = "Application", "src\Application\Application.csproj", "{CEC67240-F60B-413B-8D1A-565EAD3D6A5E}"
EndProject
Project("{FAE04EC0-301F-11D3-BF4B-00C04F79EFBC}") = "Domain", "src\Domain\Domain.csproj", "{FB927BF6-88F4-4646-87D2-4E2AA57F63F8}"
EndProject
Project("{FAE04EC0-301F-11D3-BF4B-00C04F79EFBC}") = "Infrastructure", "src\Infrastructure\Infrastructure.csproj", "{8EF5C59E-008B-4110-8757-797DCB9D7CC9}"
EndProject
Project("{FAE04EC0-301F-11D3-BF4B-00C04F79EFBC}") = "Application.UnitTests", "tests\Application.UnitTests\Application.UnitTests.csproj", "{0E058B0D-8AA2-419E-8360-784836F25D4F}"
EndProject
Project("{FAE04EC0-301F-11D3-BF4B-00C04F79EFBC}") = "Application.IntegrationTests", "tests\Application.IntegrationTests\Application.IntegrationTests.csproj", "{B7C5B716-92D4-4FAD-989C-D5CB5B1F25A6}"
EndProject
Project("{2150E333-8FDC-42A3-9474-1A3956D46DE8}") = "src", "src", "{77CD6BFA-AFFA-4D92-81D2-AC656ADA6301}"
EndProject
Project("{2150E333-8FDC-42A3-9474-1A3956D46DE8}") = "tests", "tests", "{447D19B5-AC8E-44FC-83EE-8E81F17ADAE2}"
EndProject
Global
	GlobalSection(SolutionConfigurationPlatforms) = preSolution
		Debug|Any CPU = Debug|Any CPU
		Release|Any CPU = Release|Any CPU
	EndGlobalSection
	GlobalSection(ProjectConfigurationPlatforms) = postSolution
		{C5FE8422-8A21-4567-9209-6D4B7A07EB51}.Debug|Any CPU.ActiveCfg = Debug|Any CPU
		{C5FE8422-8A21-4567-9209-6D4B7A07EB51}.Debug|Any CPU.Build.0 = Debug|Any CPU
		{C5FE8422-8A21-4567-9209-6D4B7A07EB51}.Release|Any CPU.ActiveCfg = Release|Any CPU
		{C5FE8422-8A21-4567-9209-6D4B7A07EB51}.Release|Any CPU.Build.0 = Release|Any CPU
		{CEC67240-F60B-413B-8D1A-565EAD3D6A5E}.Debug|Any CPU.ActiveCfg = Debug|Any CPU
		{CEC67240-F60B-413B-8D1A-565EAD3D6A5E}.Debug|Any CPU.Build.0 = Debug|Any CPU
		{CEC67240-F60B-413B-8D1A-565EAD3D6A5E}.Release|Any CPU.ActiveCfg = Release|Any CPU
		{CEC67240-F60B-413B-8D1A-565EAD3D6A5E}.Release|Any CPU.Build.0 = Release|Any CPU
		{FB927BF6-88F4-4646-87D2-4E2AA57F63F8}.Debug|Any CPU.ActiveCfg = Debug|Any CPU
		{FB927BF6-88F4-4646-87D2-4E2AA57F63F8}.Debug|Any CPU.Build.0 = Debug|Any CPU
		{FB927BF6-88F4-4646-87D2-4E2AA57F63F8}.Release|Any CPU.ActiveCfg = Release|Any CPU
		{FB927BF6-88F4-4646-87D2-4E2AA57F63F8}.Release|Any CPU.Build.0 = Release|Any CPU
		{8EF5C59E-008B-4110-8757-797DCB9D7CC9}.Debug|Any CPU.ActiveCfg = Debug|Any CPU
		{8EF5C59E-008B-4110-8757-797DCB9D7CC9}.Debug|Any CPU.Build.0 = Debug|Any CPU
		{8EF5C59E-008B-4110-8757-797DCB9D7CC9}.Release|Any CPU.ActiveCfg = Release|Any CPU
		{8EF5C59E-008B-4110-8757-797DCB9D7CC9}.Release|Any CPU.Build.0 = Release|Any CPU
		{0E058B0D-8AA2-419E-8360-784836F25D4F}.Debug|Any CPU.ActiveCfg = Debug|Any CPU
		{0E058B0D-8AA2-419E-8360-784836F25D4F}.Debug|Any CPU.Build.0 = Debug|Any CPU
		{0E058B0D-8AA2-419E-8360-784836F25D4F}.Release|Any CPU.ActiveCfg = Release|Any CPU
		{0E058B0D-8AA2-419E-8360-784836F25D4F}.Release|Any CPU.Build.0 = Release|Any CPU
		{B7C5B716-92D4-4FAD-989C-D5CB5B1F25A6}.Debug|Any CPU.ActiveCfg = Debug|Any CPU
		{B7C5B716-92D4-4FAD-989C-D5CB5B1F25A6}.Debug|Any CPU.Build.0 = Debug|Any CPU
		{B7C5B716-92D4-4FAD-989C-D5CB5B1F25A6}.Release|Any CPU.ActiveCfg = Release|Any CPU
		{B7C5B716-92D4-4FAD-989C-D5CB5B1F25A6}.Release|Any CPU.Build.0 = Release|Any CPU
	EndGlobalSection
	GlobalSection(NestedProjects) = preSolution
		{B7C5B716-92D4-4FAD-989C-D5CB5B1F25A6} = {447D19B5-AC8E-44FC-83EE-8E81F17ADAE2}
		{0E058B0D-8AA2-419E-8360-784836F25D4F} = {447D19B5-AC8E-44FC-83EE-8E81F17ADAE2}
		{C5FE8422-8A21-4567-9209-6D4B7A07EB51} = {77CD6BFA-AFFA-4D92-81D2-AC656ADA6301}
		{CEC67240-F60B-413B-8D1A-565EAD3D6A5E} = {77CD6BFA-AFFA-4D92-81D2-AC656ADA6301}
		{FB927BF6-88F4-4646-87D2-4E2AA57F63F8} = {77CD6BFA-AFFA-4D92-81D2-AC656ADA6301}
		{8EF5C59E-008B-4110-8757-797DCB9D7CC9} = {77CD6BFA-AFFA-4D92-81D2-AC656ADA6301}
	EndGlobalSection
EndGlobal
